
Microsoft Visual Studio Solution File, Format Version 12.00
# Visual Studio Version 16
VisualStudioVersion = 16.0.29319.158
MinimumVisualStudioVersion = 10.0.40219.1
Project("{FAE04EC0-301F-11D3-BF4B-00C04F79EFBC}") = "SmartApartmentData.Api", "SmartAparmentData\SmartApartmentData.Api.csproj", "{C603A984-F0DF-4E8B-AE31-1A440E3DB1AF}"
EndProject
Global
	GlobalSection(SolutionConfigurationPlatforms) = preSolution
		Debug|Any CPU = Debug|Any CPU
		Release|Any CPU = Release|Any CPU
	EndGlobalSection
	GlobalSection(ProjectConfigurationPlatforms) = postSolution
		{C603A984-F0DF-4E8B-AE31-1A440E3DB1AF}.Debug|Any CPU.ActiveCfg = Debug|Any CPU
		{C603A984-F0DF-4E8B-AE31-1A440E3DB1AF}.Debug|Any CPU.Build.0 = Debug|Any CPU
		{C603A984-F0DF-4E8B-AE31-1A440E3DB1AF}.Release|Any CPU.ActiveCfg = Release|Any CPU
		{C603A984-F0DF-4E8B-AE31-1A440E3DB1AF}.Release|Any CPU.Build.0 = Release|Any CPU
	EndGlobalSection
	GlobalSection(SolutionProperties) = preSolution
		HideSolutionNode = FALSE
	EndGlobalSection
	GlobalSection(ExtensibilityGlobals) = postSolution
		SolutionGuid = {058919BD-A0CE-4969-95AD-01E8C2A52C1B}
	EndGlobalSection
EndGlobal
